// !$*UTF8*$!
{
	archiveVersion = 1;
	classes = {
	};
	objectVersion = 46;
	objects = {

/* Begin PBXBuildFile section */
		00C302E51ABCBA2D00DB3ED1 /* libRCTActionSheet.a in Frameworks */ = {isa = PBXBuildFile; fileRef = 00C302AC1ABCB8CE00DB3ED1 /* libRCTActionSheet.a */; };
		00C302E71ABCBA2D00DB3ED1 /* libRCTGeolocation.a in Frameworks */ = {isa = PBXBuildFile; fileRef = 00C302BA1ABCB90400DB3ED1 /* libRCTGeolocation.a */; };
		00C302E81ABCBA2D00DB3ED1 /* libRCTImage.a in Frameworks */ = {isa = PBXBuildFile; fileRef = 00C302C01ABCB91800DB3ED1 /* libRCTImage.a */; };
		00C302E91ABCBA2D00DB3ED1 /* libRCTNetwork.a in Frameworks */ = {isa = PBXBuildFile; fileRef = 00C302DC1ABCB9D200DB3ED1 /* libRCTNetwork.a */; };
		00C302EA1ABCBA2D00DB3ED1 /* libRCTVibration.a in Frameworks */ = {isa = PBXBuildFile; fileRef = 00C302E41ABCB9EE00DB3ED1 /* libRCTVibration.a */; };
		00E356F31AD99517003FC87E /* mobileTests.m in Sources */ = {isa = PBXBuildFile; fileRef = 00E356F21AD99517003FC87E /* mobileTests.m */; };
		133E29F31AD74F7200F7D852 /* libRCTLinking.a in Frameworks */ = {isa = PBXBuildFile; fileRef = 78C398B91ACF4ADC00677621 /* libRCTLinking.a */; };
		139105C61AF99C1200B5F7CC /* libRCTSettings.a in Frameworks */ = {isa = PBXBuildFile; fileRef = 139105C11AF99BAD00B5F7CC /* libRCTSettings.a */; };
		139FDEF61B0652A700C62182 /* libRCTWebSocket.a in Frameworks */ = {isa = PBXBuildFile; fileRef = 139FDEF41B06529B00C62182 /* libRCTWebSocket.a */; };
		13B07FBC1A68108700A75B9A /* AppDelegate.m in Sources */ = {isa = PBXBuildFile; fileRef = 13B07FB01A68108700A75B9A /* AppDelegate.m */; };
		13B07FBD1A68108700A75B9A /* LaunchScreen.xib in Resources */ = {isa = PBXBuildFile; fileRef = 13B07FB11A68108700A75B9A /* LaunchScreen.xib */; };
		13B07FBF1A68108700A75B9A /* Images.xcassets in Resources */ = {isa = PBXBuildFile; fileRef = 13B07FB51A68108700A75B9A /* Images.xcassets */; };
		13B07FC11A68108700A75B9A /* main.m in Sources */ = {isa = PBXBuildFile; fileRef = 13B07FB71A68108700A75B9A /* main.m */; };
		146834051AC3E58100842450 /* libReact.a in Frameworks */ = {isa = PBXBuildFile; fileRef = 146834041AC3E56700842450 /* libReact.a */; };
		7437316E1C26229D00EB0C55 /* (null) in Resources */ = {isa = PBXBuildFile; settings = {ASSET_TAGS = (); }; };
		7437316F1C26229D00EB0C55 /* (null) in Resources */ = {isa = PBXBuildFile; settings = {ASSET_TAGS = (); }; };
		743731701C26229D00EB0C55 /* (null) in Resources */ = {isa = PBXBuildFile; settings = {ASSET_TAGS = (); }; };
		743731721C26229D00EB0C55 /* (null) in Resources */ = {isa = PBXBuildFile; settings = {ASSET_TAGS = (); }; };
		743731741C26229D00EB0C55 /* (null) in Resources */ = {isa = PBXBuildFile; settings = {ASSET_TAGS = (); }; };
		832341BD1AAA6AB300B99B32 /* libRCTText.a in Frameworks */ = {isa = PBXBuildFile; fileRef = 832341B51AAA6A8300B99B32 /* libRCTText.a */; };
		97F0574C1C32035200D8B26A /* libRNFS.a in Frameworks */ = {isa = PBXBuildFile; fileRef = 97F0574B1C32033900D8B26A /* libRNFS.a */; };
		97F057561C3203BB00D8B26A /* libRNPlayAudio.a in Frameworks */ = {isa = PBXBuildFile; fileRef = 97F057531C3203AA00D8B26A /* libRNPlayAudio.a */; };
		97F057601C3203E600D8B26A /* libRNRecordAudio.a in Frameworks */ = {isa = PBXBuildFile; fileRef = 97F0575D1C3203DC00D8B26A /* libRNRecordAudio.a */; };
		9B10939F1C261D3B009059AC /* libReactNativeIcons.a in Frameworks */ = {isa = PBXBuildFile; fileRef = 9B10939E1C261D15009059AC /* libReactNativeIcons.a */; };
		9B1093B51C261DC5009059AC /* FAKOcticons.h in Resources */ = {isa = PBXBuildFile; fileRef = 9B1093A01C261DC5009059AC /* FAKOcticons.h */; };
		9B1093B61C261DC5009059AC /* FAKOcticons.m in Resources */ = {isa = PBXBuildFile; fileRef = 9B1093A11C261DC5009059AC /* FAKOcticons.m */; };
		9B1093B71C261DC5009059AC /* FontAwesomeKit.h in Resources */ = {isa = PBXBuildFile; fileRef = 9B1093A21C261DC5009059AC /* FontAwesomeKit.h */; };
		9B1093B81C261DC5009059AC /* octicons.ttf in Resources */ = {isa = PBXBuildFile; fileRef = 9B1093A31C261DC5009059AC /* octicons.ttf */; };
		9B1093B91C261DC5009059AC /* FAKFontAwesome.h in Resources */ = {isa = PBXBuildFile; fileRef = 9B1093A41C261DC5009059AC /* FAKFontAwesome.h */; };
		9B1093BA1C261DC5009059AC /* FAKFontAwesome.m in Resources */ = {isa = PBXBuildFile; fileRef = 9B1093A51C261DC5009059AC /* FAKFontAwesome.m */; };
		9B1093BB1C261DC5009059AC /* FAKFoundationIcons.h in Resources */ = {isa = PBXBuildFile; fileRef = 9B1093A61C261DC5009059AC /* FAKFoundationIcons.h */; };
		9B1093BC1C261DC5009059AC /* FAKFoundationIcons.m in Resources */ = {isa = PBXBuildFile; fileRef = 9B1093A71C261DC5009059AC /* FAKFoundationIcons.m */; };
		9B1093BD1C261DC5009059AC /* FAKIcon.h in Resources */ = {isa = PBXBuildFile; fileRef = 9B1093A81C261DC5009059AC /* FAKIcon.h */; };
		9B1093BE1C261DC5009059AC /* FAKIcon.m in Resources */ = {isa = PBXBuildFile; fileRef = 9B1093A91C261DC5009059AC /* FAKIcon.m */; };
		9B1093BF1C261DC5009059AC /* FAKIonIcons.h in Resources */ = {isa = PBXBuildFile; fileRef = 9B1093AA1C261DC5009059AC /* FAKIonIcons.h */; };
		9B1093C01C261DC5009059AC /* FAKIonIcons.m in Resources */ = {isa = PBXBuildFile; fileRef = 9B1093AB1C261DC5009059AC /* FAKIonIcons.m */; };
		9B1093C11C261DC5009059AC /* FAKMaterial.h in Resources */ = {isa = PBXBuildFile; fileRef = 9B1093AC1C261DC5009059AC /* FAKMaterial.h */; };
		9B1093C21C261DC5009059AC /* FAKMaterial.m in Resources */ = {isa = PBXBuildFile; fileRef = 9B1093AD1C261DC5009059AC /* FAKMaterial.m */; };
		9B1093C31C261DC5009059AC /* FAKZocial.h in Resources */ = {isa = PBXBuildFile; fileRef = 9B1093AE1C261DC5009059AC /* FAKZocial.h */; };
		9B1093C41C261DC5009059AC /* FAKZocial.m in Resources */ = {isa = PBXBuildFile; fileRef = 9B1093AF1C261DC5009059AC /* FAKZocial.m */; };
		9B1093C51C261DC5009059AC /* FontAwesome.otf in Resources */ = {isa = PBXBuildFile; fileRef = 9B1093B01C261DC5009059AC /* FontAwesome.otf */; };
		9B1093C61C261DC5009059AC /* foundation-icons.ttf in Resources */ = {isa = PBXBuildFile; fileRef = 9B1093B11C261DC5009059AC /* foundation-icons.ttf */; };
		9B1093C71C261DC5009059AC /* ionicons.ttf in Resources */ = {isa = PBXBuildFile; fileRef = 9B1093B21C261DC5009059AC /* ionicons.ttf */; };
		9B1093C81C261DC5009059AC /* Material-Design-Iconic-Font.ttf in Resources */ = {isa = PBXBuildFile; fileRef = 9B1093B31C261DC5009059AC /* Material-Design-Iconic-Font.ttf */; };
		9B1093C91C261DC5009059AC /* zocial-regular-webfont.ttf in Resources */ = {isa = PBXBuildFile; fileRef = 9B1093B41C261DC5009059AC /* zocial-regular-webfont.ttf */; };
		D08F36C01C31CBA1002D8394 /* OpenSans-Bold.ttf in Resources */ = {isa = PBXBuildFile; fileRef = D08F36B91C31CBA1002D8394 /* OpenSans-Bold.ttf */; };
		D08F36C11C31CBA1002D8394 /* OpenSans-Regular.ttf in Resources */ = {isa = PBXBuildFile; fileRef = D08F36BA1C31CBA1002D8394 /* OpenSans-Regular.ttf */; };
		D08F36C21C31CBA1002D8394 /* OpenSans-Semibold.ttf in Resources */ = {isa = PBXBuildFile; fileRef = D08F36BB1C31CBA1002D8394 /* OpenSans-Semibold.ttf */; };
		D08F36C31C31CBA1002D8394 /* Raleway-Bold.ttf in Resources */ = {isa = PBXBuildFile; fileRef = D08F36BC1C31CBA1002D8394 /* Raleway-Bold.ttf */; };
		D08F36C41C31CBA1002D8394 /* Raleway-Regular.ttf in Resources */ = {isa = PBXBuildFile; fileRef = D08F36BD1C31CBA1002D8394 /* Raleway-Regular.ttf */; };
		D08F36C51C31CBA1002D8394 /* Roboto-Medium.ttf in Resources */ = {isa = PBXBuildFile; fileRef = D08F36BE1C31CBA1002D8394 /* Roboto-Medium.ttf */; };
		D08F36C61C31CBA1002D8394 /* Roboto-Regular.ttf in Resources */ = {isa = PBXBuildFile; fileRef = D08F36BF1C31CBA1002D8394 /* Roboto-Regular.ttf */; };
		D08F37041C32317D002D8394 /* UIImagePickerManager.m in Sources */ = {isa = PBXBuildFile; fileRef = D08F37031C32317D002D8394 /* UIImagePickerManager.m */; };
/* End PBXBuildFile section */

/* Begin PBXContainerItemProxy section */
		00C302AB1ABCB8CE00DB3ED1 /* PBXContainerItemProxy */ = {
			isa = PBXContainerItemProxy;
			containerPortal = 00C302A71ABCB8CE00DB3ED1 /* RCTActionSheet.xcodeproj */;
			proxyType = 2;
			remoteGlobalIDString = 134814201AA4EA6300B7C361;
			remoteInfo = RCTActionSheet;
		};
		00C302B91ABCB90400DB3ED1 /* PBXContainerItemProxy */ = {
			isa = PBXContainerItemProxy;
			containerPortal = 00C302B51ABCB90400DB3ED1 /* RCTGeolocation.xcodeproj */;
			proxyType = 2;
			remoteGlobalIDString = 134814201AA4EA6300B7C361;
			remoteInfo = RCTGeolocation;
		};
		00C302BF1ABCB91800DB3ED1 /* PBXContainerItemProxy */ = {
			isa = PBXContainerItemProxy;
			containerPortal = 00C302BB1ABCB91800DB3ED1 /* RCTImage.xcodeproj */;
			proxyType = 2;
			remoteGlobalIDString = 58B5115D1A9E6B3D00147676;
			remoteInfo = RCTImage;
		};
		00C302DB1ABCB9D200DB3ED1 /* PBXContainerItemProxy */ = {
			isa = PBXContainerItemProxy;
			containerPortal = 00C302D31ABCB9D200DB3ED1 /* RCTNetwork.xcodeproj */;
			proxyType = 2;
			remoteGlobalIDString = 58B511DB1A9E6C8500147676;
			remoteInfo = RCTNetwork;
		};
		00C302E31ABCB9EE00DB3ED1 /* PBXContainerItemProxy */ = {
			isa = PBXContainerItemProxy;
			containerPortal = 00C302DF1ABCB9EE00DB3ED1 /* RCTVibration.xcodeproj */;
			proxyType = 2;
			remoteGlobalIDString = 832C81801AAF6DEF007FA2F7;
			remoteInfo = RCTVibration;
		};
		00E356F41AD99517003FC87E /* PBXContainerItemProxy */ = {
			isa = PBXContainerItemProxy;
			containerPortal = 83CBB9F71A601CBA00E9B192 /* Project object */;
			proxyType = 1;
			remoteGlobalIDString = 13B07F861A680F5B00A75B9A;
			remoteInfo = mobile;
		};
		139105C01AF99BAD00B5F7CC /* PBXContainerItemProxy */ = {
			isa = PBXContainerItemProxy;
			containerPortal = 139105B61AF99BAD00B5F7CC /* RCTSettings.xcodeproj */;
			proxyType = 2;
			remoteGlobalIDString = 134814201AA4EA6300B7C361;
			remoteInfo = RCTSettings;
		};
		139FDEF31B06529B00C62182 /* PBXContainerItemProxy */ = {
			isa = PBXContainerItemProxy;
			containerPortal = 139FDEE61B06529A00C62182 /* RCTWebSocket.xcodeproj */;
			proxyType = 2;
			remoteGlobalIDString = 3C86DF461ADF2C930047B81A;
			remoteInfo = RCTWebSocket;
		};
		146834031AC3E56700842450 /* PBXContainerItemProxy */ = {
			isa = PBXContainerItemProxy;
			containerPortal = 146833FF1AC3E56700842450 /* React.xcodeproj */;
			proxyType = 2;
			remoteGlobalIDString = 83CBBA2E1A601D0E00E9B192;
			remoteInfo = React;
		};
		74C4803B1C23841300EFD1BD /* PBXContainerItemProxy */ = {
			isa = PBXContainerItemProxy;
			containerPortal = 74C480361C23841200EFD1BD /* RCTCameraRoll.xcodeproj */;
			proxyType = 2;
			remoteGlobalIDString = 58B5115D1A9E6B3D00147676;
			remoteInfo = RCTCameraRoll;
		};
		78C398B81ACF4ADC00677621 /* PBXContainerItemProxy */ = {
			isa = PBXContainerItemProxy;
			containerPortal = 78C398B01ACF4ADC00677621 /* RCTLinking.xcodeproj */;
			proxyType = 2;
			remoteGlobalIDString = 134814201AA4EA6300B7C361;
			remoteInfo = RCTLinking;
		};
		832341B41AAA6A8300B99B32 /* PBXContainerItemProxy */ = {
			isa = PBXContainerItemProxy;
			containerPortal = 832341B01AAA6A8300B99B32 /* RCTText.xcodeproj */;
			proxyType = 2;
			remoteGlobalIDString = 58B5119B1A9E6C1200147676;
			remoteInfo = RCTText;
		};
		97F0574A1C32033900D8B26A /* PBXContainerItemProxy */ = {
			isa = PBXContainerItemProxy;
			containerPortal = 97F0573A1C32033800D8B26A /* RNFS.xcodeproj */;
			proxyType = 2;
			remoteGlobalIDString = F12AFB9B1ADAF8F800E0535D;
			remoteInfo = RNFS;
		};
		97F057521C3203AA00D8B26A /* PBXContainerItemProxy */ = {
			isa = PBXContainerItemProxy;
			containerPortal = 97F0574D1C3203AA00D8B26A /* RNPlayAudio.xcodeproj */;
			proxyType = 2;
			remoteGlobalIDString = DFC145481BAA56D2008BCF87;
			remoteInfo = RNPlayAudio;
		};
		97F057541C3203AA00D8B26A /* PBXContainerItemProxy */ = {
			isa = PBXContainerItemProxy;
			containerPortal = 97F0574D1C3203AA00D8B26A /* RNPlayAudio.xcodeproj */;
			proxyType = 2;
			remoteGlobalIDString = DFC145531BAA56D2008BCF87;
			remoteInfo = RNPlayAudioTests;
		};
		97F0575C1C3203DC00D8B26A /* PBXContainerItemProxy */ = {
			isa = PBXContainerItemProxy;
			containerPortal = 97F057571C3203DB00D8B26A /* RNRecordAudio.xcodeproj */;
			proxyType = 2;
			remoteGlobalIDString = DFC145751BAB2BA0008BCF87;
			remoteInfo = RNRecordAudio;
		};
		97F0575E1C3203DC00D8B26A /* PBXContainerItemProxy */ = {
			isa = PBXContainerItemProxy;
			containerPortal = 97F057571C3203DB00D8B26A /* RNRecordAudio.xcodeproj */;
			proxyType = 2;
			remoteGlobalIDString = DFC145801BAB2BA0008BCF87;
			remoteInfo = RNRecordAudioTests;
		};
		9B10939D1C261D15009059AC /* PBXContainerItemProxy */ = {
			isa = PBXContainerItemProxy;
			containerPortal = 9B1093991C261D15009059AC /* ReactNativeIcons.xcodeproj */;
			proxyType = 2;
			remoteGlobalIDString = 2F5A3EB81ACDBF8000439386;
			remoteInfo = ReactNativeIcons;
		};
/* End PBXContainerItemProxy section */

/* Begin PBXFileReference section */
		008F07F21AC5B25A0029DE68 /* main.jsbundle */ = {isa = PBXFileReference; fileEncoding = 4; lastKnownFileType = text; path = main.jsbundle; sourceTree = "<group>"; };
		00C302A71ABCB8CE00DB3ED1 /* RCTActionSheet.xcodeproj */ = {isa = PBXFileReference; lastKnownFileType = "wrapper.pb-project"; name = RCTActionSheet.xcodeproj; path = "../node_modules/react-native/Libraries/ActionSheetIOS/RCTActionSheet.xcodeproj"; sourceTree = "<group>"; };
		00C302B51ABCB90400DB3ED1 /* RCTGeolocation.xcodeproj */ = {isa = PBXFileReference; lastKnownFileType = "wrapper.pb-project"; name = RCTGeolocation.xcodeproj; path = "../node_modules/react-native/Libraries/Geolocation/RCTGeolocation.xcodeproj"; sourceTree = "<group>"; };
		00C302BB1ABCB91800DB3ED1 /* RCTImage.xcodeproj */ = {isa = PBXFileReference; lastKnownFileType = "wrapper.pb-project"; name = RCTImage.xcodeproj; path = "../node_modules/react-native/Libraries/Image/RCTImage.xcodeproj"; sourceTree = "<group>"; };
		00C302D31ABCB9D200DB3ED1 /* RCTNetwork.xcodeproj */ = {isa = PBXFileReference; lastKnownFileType = "wrapper.pb-project"; name = RCTNetwork.xcodeproj; path = "../node_modules/react-native/Libraries/Network/RCTNetwork.xcodeproj"; sourceTree = "<group>"; };
		00C302DF1ABCB9EE00DB3ED1 /* RCTVibration.xcodeproj */ = {isa = PBXFileReference; lastKnownFileType = "wrapper.pb-project"; name = RCTVibration.xcodeproj; path = "../node_modules/react-native/Libraries/Vibration/RCTVibration.xcodeproj"; sourceTree = "<group>"; };
		00E356EE1AD99517003FC87E /* mobileTests.xctest */ = {isa = PBXFileReference; explicitFileType = wrapper.cfbundle; includeInIndex = 0; path = mobileTests.xctest; sourceTree = BUILT_PRODUCTS_DIR; };
		00E356F11AD99517003FC87E /* Info.plist */ = {isa = PBXFileReference; lastKnownFileType = text.plist.xml; path = Info.plist; sourceTree = "<group>"; };
		00E356F21AD99517003FC87E /* mobileTests.m */ = {isa = PBXFileReference; lastKnownFileType = sourcecode.c.objc; path = mobileTests.m; sourceTree = "<group>"; };
		139105B61AF99BAD00B5F7CC /* RCTSettings.xcodeproj */ = {isa = PBXFileReference; lastKnownFileType = "wrapper.pb-project"; name = RCTSettings.xcodeproj; path = "../node_modules/react-native/Libraries/Settings/RCTSettings.xcodeproj"; sourceTree = "<group>"; };
		139FDEE61B06529A00C62182 /* RCTWebSocket.xcodeproj */ = {isa = PBXFileReference; lastKnownFileType = "wrapper.pb-project"; name = RCTWebSocket.xcodeproj; path = "../node_modules/react-native/Libraries/WebSocket/RCTWebSocket.xcodeproj"; sourceTree = "<group>"; };
		13B07F961A680F5B00A75B9A /* mobile.app */ = {isa = PBXFileReference; explicitFileType = wrapper.application; includeInIndex = 0; path = mobile.app; sourceTree = BUILT_PRODUCTS_DIR; };
		13B07FAF1A68108700A75B9A /* AppDelegate.h */ = {isa = PBXFileReference; fileEncoding = 4; lastKnownFileType = sourcecode.c.h; name = AppDelegate.h; path = mobile/AppDelegate.h; sourceTree = "<group>"; };
		13B07FB01A68108700A75B9A /* AppDelegate.m */ = {isa = PBXFileReference; fileEncoding = 4; lastKnownFileType = sourcecode.c.objc; name = AppDelegate.m; path = mobile/AppDelegate.m; sourceTree = "<group>"; };
		13B07FB21A68108700A75B9A /* Base */ = {isa = PBXFileReference; lastKnownFileType = file.xib; name = Base; path = Base.lproj/LaunchScreen.xib; sourceTree = "<group>"; };
		13B07FB51A68108700A75B9A /* Images.xcassets */ = {isa = PBXFileReference; lastKnownFileType = folder.assetcatalog; name = Images.xcassets; path = mobile/Images.xcassets; sourceTree = "<group>"; };
		13B07FB61A68108700A75B9A /* Info.plist */ = {isa = PBXFileReference; fileEncoding = 4; lastKnownFileType = text.plist.xml; name = Info.plist; path = mobile/Info.plist; sourceTree = "<group>"; };
		13B07FB71A68108700A75B9A /* main.m */ = {isa = PBXFileReference; fileEncoding = 4; lastKnownFileType = sourcecode.c.objc; name = main.m; path = mobile/main.m; sourceTree = "<group>"; };
		146833FF1AC3E56700842450 /* React.xcodeproj */ = {isa = PBXFileReference; lastKnownFileType = "wrapper.pb-project"; name = React.xcodeproj; path = "../node_modules/react-native/React/React.xcodeproj"; sourceTree = "<group>"; };
		74C480361C23841200EFD1BD /* RCTCameraRoll.xcodeproj */ = {isa = PBXFileReference; lastKnownFileType = "wrapper.pb-project"; name = RCTCameraRoll.xcodeproj; path = "../node_modules/react-native/Libraries/CameraRoll/RCTCameraRoll.xcodeproj"; sourceTree = "<group>"; };
		78C398B01ACF4ADC00677621 /* RCTLinking.xcodeproj */ = {isa = PBXFileReference; lastKnownFileType = "wrapper.pb-project"; name = RCTLinking.xcodeproj; path = "../node_modules/react-native/Libraries/LinkingIOS/RCTLinking.xcodeproj"; sourceTree = "<group>"; };
		832341B01AAA6A8300B99B32 /* RCTText.xcodeproj */ = {isa = PBXFileReference; lastKnownFileType = "wrapper.pb-project"; name = RCTText.xcodeproj; path = "../node_modules/react-native/Libraries/Text/RCTText.xcodeproj"; sourceTree = "<group>"; };
		97F0573A1C32033800D8B26A /* RNFS.xcodeproj */ = {isa = PBXFileReference; lastKnownFileType = "wrapper.pb-project"; name = RNFS.xcodeproj; path = "../node_modules/react-native-fs/RNFS.xcodeproj"; sourceTree = "<group>"; };
		97F0574D1C3203AA00D8B26A /* RNPlayAudio.xcodeproj */ = {isa = PBXFileReference; lastKnownFileType = "wrapper.pb-project"; name = RNPlayAudio.xcodeproj; path = "../node_modules/react-native-play-audio-ios/RNPlayAudio.xcodeproj"; sourceTree = "<group>"; };
		97F057571C3203DB00D8B26A /* RNRecordAudio.xcodeproj */ = {isa = PBXFileReference; lastKnownFileType = "wrapper.pb-project"; name = RNRecordAudio.xcodeproj; path = "../node_modules/react-native-record-audio-ios/RNRecordAudio.xcodeproj"; sourceTree = "<group>"; };

		9B1093991C261D15009059AC /* ReactNativeIcons.xcodeproj */ = {isa = PBXFileReference; lastKnownFileType = "wrapper.pb-project"; name = ReactNativeIcons.xcodeproj; path = "../node_modules/react-native-icons/ios/ReactNativeIcons.xcodeproj"; sourceTree = "<group>"; };
		9B1093A01C261DC5009059AC /* FAKOcticons.h */ = {isa = PBXFileReference; lastKnownFileType = sourcecode.c.h; name = FAKOcticons.h; path = "../node_modules/react-native-icons/ios/ReactNativeIcons/Libraries/FontAwesomeKit/FAKOcticons.h"; sourceTree = "<group>"; };
		9B1093A11C261DC5009059AC /* FAKOcticons.m */ = {isa = PBXFileReference; lastKnownFileType = sourcecode.c.objc; name = FAKOcticons.m; path = "../node_modules/react-native-icons/ios/ReactNativeIcons/Libraries/FontAwesomeKit/FAKOcticons.m"; sourceTree = "<group>"; };
		9B1093A21C261DC5009059AC /* FontAwesomeKit.h */ = {isa = PBXFileReference; lastKnownFileType = sourcecode.c.h; name = FontAwesomeKit.h; path = "../node_modules/react-native-icons/ios/ReactNativeIcons/Libraries/FontAwesomeKit/FontAwesomeKit.h"; sourceTree = "<group>"; };
		9B1093A31C261DC5009059AC /* octicons.ttf */ = {isa = PBXFileReference; lastKnownFileType = file; name = octicons.ttf; path = "../node_modules/react-native-icons/ios/ReactNativeIcons/Libraries/FontAwesomeKit/octicons.ttf"; sourceTree = "<group>"; };
		9B1093A41C261DC5009059AC /* FAKFontAwesome.h */ = {isa = PBXFileReference; lastKnownFileType = sourcecode.c.h; name = FAKFontAwesome.h; path = "../node_modules/react-native-icons/ios/ReactNativeIcons/Libraries/FontAwesomeKit/FAKFontAwesome.h"; sourceTree = "<group>"; };
		9B1093A51C261DC5009059AC /* FAKFontAwesome.m */ = {isa = PBXFileReference; lastKnownFileType = sourcecode.c.objc; name = FAKFontAwesome.m; path = "../node_modules/react-native-icons/ios/ReactNativeIcons/Libraries/FontAwesomeKit/FAKFontAwesome.m"; sourceTree = "<group>"; };
		9B1093A61C261DC5009059AC /* FAKFoundationIcons.h */ = {isa = PBXFileReference; lastKnownFileType = sourcecode.c.h; name = FAKFoundationIcons.h; path = "../node_modules/react-native-icons/ios/ReactNativeIcons/Libraries/FontAwesomeKit/FAKFoundationIcons.h"; sourceTree = "<group>"; };
		9B1093A71C261DC5009059AC /* FAKFoundationIcons.m */ = {isa = PBXFileReference; lastKnownFileType = sourcecode.c.objc; name = FAKFoundationIcons.m; path = "../node_modules/react-native-icons/ios/ReactNativeIcons/Libraries/FontAwesomeKit/FAKFoundationIcons.m"; sourceTree = "<group>"; };
		9B1093A81C261DC5009059AC /* FAKIcon.h */ = {isa = PBXFileReference; lastKnownFileType = sourcecode.c.h; name = FAKIcon.h; path = "../node_modules/react-native-icons/ios/ReactNativeIcons/Libraries/FontAwesomeKit/FAKIcon.h"; sourceTree = "<group>"; };
		9B1093A91C261DC5009059AC /* FAKIcon.m */ = {isa = PBXFileReference; lastKnownFileType = sourcecode.c.objc; name = FAKIcon.m; path = "../node_modules/react-native-icons/ios/ReactNativeIcons/Libraries/FontAwesomeKit/FAKIcon.m"; sourceTree = "<group>"; };
		9B1093AA1C261DC5009059AC /* FAKIonIcons.h */ = {isa = PBXFileReference; lastKnownFileType = sourcecode.c.h; name = FAKIonIcons.h; path = "../node_modules/react-native-icons/ios/ReactNativeIcons/Libraries/FontAwesomeKit/FAKIonIcons.h"; sourceTree = "<group>"; };
		9B1093AB1C261DC5009059AC /* FAKIonIcons.m */ = {isa = PBXFileReference; lastKnownFileType = sourcecode.c.objc; name = FAKIonIcons.m; path = "../node_modules/react-native-icons/ios/ReactNativeIcons/Libraries/FontAwesomeKit/FAKIonIcons.m"; sourceTree = "<group>"; };
		9B1093AC1C261DC5009059AC /* FAKMaterial.h */ = {isa = PBXFileReference; lastKnownFileType = sourcecode.c.h; name = FAKMaterial.h; path = "../node_modules/react-native-icons/ios/ReactNativeIcons/Libraries/FontAwesomeKit/FAKMaterial.h"; sourceTree = "<group>"; };
		9B1093AD1C261DC5009059AC /* FAKMaterial.m */ = {isa = PBXFileReference; lastKnownFileType = sourcecode.c.objc; name = FAKMaterial.m; path = "../node_modules/react-native-icons/ios/ReactNativeIcons/Libraries/FontAwesomeKit/FAKMaterial.m"; sourceTree = "<group>"; };
		9B1093AE1C261DC5009059AC /* FAKZocial.h */ = {isa = PBXFileReference; lastKnownFileType = sourcecode.c.h; name = FAKZocial.h; path = "../node_modules/react-native-icons/ios/ReactNativeIcons/Libraries/FontAwesomeKit/FAKZocial.h"; sourceTree = "<group>"; };
		9B1093AF1C261DC5009059AC /* FAKZocial.m */ = {isa = PBXFileReference; lastKnownFileType = sourcecode.c.objc; name = FAKZocial.m; path = "../node_modules/react-native-icons/ios/ReactNativeIcons/Libraries/FontAwesomeKit/FAKZocial.m"; sourceTree = "<group>"; };
		9B1093B01C261DC5009059AC /* FontAwesome.otf */ = {isa = PBXFileReference; lastKnownFileType = file; name = FontAwesome.otf; path = "../node_modules/react-native-icons/ios/ReactNativeIcons/Libraries/FontAwesomeKit/FontAwesome.otf"; sourceTree = "<group>"; };
		9B1093B11C261DC5009059AC /* foundation-icons.ttf */ = {isa = PBXFileReference; lastKnownFileType = file; name = "foundation-icons.ttf"; path = "../node_modules/react-native-icons/ios/ReactNativeIcons/Libraries/FontAwesomeKit/foundation-icons.ttf"; sourceTree = "<group>"; };
		9B1093B21C261DC5009059AC /* ionicons.ttf */ = {isa = PBXFileReference; lastKnownFileType = file; name = ionicons.ttf; path = "../node_modules/react-native-icons/ios/ReactNativeIcons/Libraries/FontAwesomeKit/ionicons.ttf"; sourceTree = "<group>"; };
		9B1093B31C261DC5009059AC /* Material-Design-Iconic-Font.ttf */ = {isa = PBXFileReference; lastKnownFileType = file; name = "Material-Design-Iconic-Font.ttf"; path = "../node_modules/react-native-icons/ios/ReactNativeIcons/Libraries/FontAwesomeKit/Material-Design-Iconic-Font.ttf"; sourceTree = "<group>"; };
		9B1093B41C261DC5009059AC /* zocial-regular-webfont.ttf */ = {isa = PBXFileReference; lastKnownFileType = file; name = "zocial-regular-webfont.ttf"; path = "../node_modules/react-native-icons/ios/ReactNativeIcons/Libraries/FontAwesomeKit/zocial-regular-webfont.ttf"; sourceTree = "<group>"; };
		D08F36B91C31CBA1002D8394 /* OpenSans-Bold.ttf */ = {isa = PBXFileReference; lastKnownFileType = file; name = "OpenSans-Bold.ttf"; path = "../fonts/OpenSans-Bold.ttf"; sourceTree = "<group>"; };
		D08F36BA1C31CBA1002D8394 /* OpenSans-Regular.ttf */ = {isa = PBXFileReference; lastKnownFileType = file; name = "OpenSans-Regular.ttf"; path = "../fonts/OpenSans-Regular.ttf"; sourceTree = "<group>"; };
		D08F36BB1C31CBA1002D8394 /* OpenSans-Semibold.ttf */ = {isa = PBXFileReference; lastKnownFileType = file; name = "OpenSans-Semibold.ttf"; path = "../fonts/OpenSans-Semibold.ttf"; sourceTree = "<group>"; };
		D08F36BC1C31CBA1002D8394 /* Raleway-Bold.ttf */ = {isa = PBXFileReference; lastKnownFileType = file; name = "Raleway-Bold.ttf"; path = "../fonts/Raleway-Bold.ttf"; sourceTree = "<group>"; };
		D08F36BD1C31CBA1002D8394 /* Raleway-Regular.ttf */ = {isa = PBXFileReference; lastKnownFileType = file; name = "Raleway-Regular.ttf"; path = "../fonts/Raleway-Regular.ttf"; sourceTree = "<group>"; };
		D08F36BE1C31CBA1002D8394 /* Roboto-Medium.ttf */ = {isa = PBXFileReference; lastKnownFileType = file; name = "Roboto-Medium.ttf"; path = "../fonts/Roboto-Medium.ttf"; sourceTree = "<group>"; };
		D08F36BF1C31CBA1002D8394 /* Roboto-Regular.ttf */ = {isa = PBXFileReference; lastKnownFileType = file; name = "Roboto-Regular.ttf"; path = "../fonts/Roboto-Regular.ttf"; sourceTree = "<group>"; };
		D08F37031C32317D002D8394 /* UIImagePickerManager.m */ = {isa = PBXFileReference; fileEncoding = 4; lastKnownFileType = sourcecode.c.objc; name = UIImagePickerManager.m; path = "../node_modules/react-native-image-picker/UIImagePickerManager/UIImagePickerManager.m"; sourceTree = "<group>"; };
/* End PBXFileReference section */

/* Begin PBXFrameworksBuildPhase section */
		00E356EB1AD99517003FC87E /* Frameworks */ = {
			isa = PBXFrameworksBuildPhase;
			buildActionMask = 2147483647;
			files = (
			);
			runOnlyForDeploymentPostprocessing = 0;
		};
		13B07F8C1A680F5B00A75B9A /* Frameworks */ = {
			isa = PBXFrameworksBuildPhase;
			buildActionMask = 2147483647;
			files = (
				97F057601C3203E600D8B26A /* libRNRecordAudio.a in Frameworks */,
				97F057561C3203BB00D8B26A /* libRNPlayAudio.a in Frameworks */,
				97F0574C1C32035200D8B26A /* libRNFS.a in Frameworks */,
				9B10939F1C261D3B009059AC /* libReactNativeIcons.a in Frameworks */,
				146834051AC3E58100842450 /* libReact.a in Frameworks */,
				00C302E51ABCBA2D00DB3ED1 /* libRCTActionSheet.a in Frameworks */,
				00C302E71ABCBA2D00DB3ED1 /* libRCTGeolocation.a in Frameworks */,
				00C302E81ABCBA2D00DB3ED1 /* libRCTImage.a in Frameworks */,
				133E29F31AD74F7200F7D852 /* libRCTLinking.a in Frameworks */,
				00C302E91ABCBA2D00DB3ED1 /* libRCTNetwork.a in Frameworks */,
				139105C61AF99C1200B5F7CC /* libRCTSettings.a in Frameworks */,
				832341BD1AAA6AB300B99B32 /* libRCTText.a in Frameworks */,
				00C302EA1ABCBA2D00DB3ED1 /* libRCTVibration.a in Frameworks */,
				139FDEF61B0652A700C62182 /* libRCTWebSocket.a in Frameworks */,
			);
			runOnlyForDeploymentPostprocessing = 0;
		};
/* End PBXFrameworksBuildPhase section */

/* Begin PBXGroup section */
		00C302A81ABCB8CE00DB3ED1 /* Products */ = {
			isa = PBXGroup;
			children = (
				00C302AC1ABCB8CE00DB3ED1 /* libRCTActionSheet.a */,
			);
			name = Products;
			sourceTree = "<group>";
		};
		00C302B61ABCB90400DB3ED1 /* Products */ = {
			isa = PBXGroup;
			children = (
				00C302BA1ABCB90400DB3ED1 /* libRCTGeolocation.a */,
			);
			name = Products;
			sourceTree = "<group>";
		};
		00C302BC1ABCB91800DB3ED1 /* Products */ = {
			isa = PBXGroup;
			children = (
				00C302C01ABCB91800DB3ED1 /* libRCTImage.a */,
			);
			name = Products;
			sourceTree = "<group>";
		};
		00C302D41ABCB9D200DB3ED1 /* Products */ = {
			isa = PBXGroup;
			children = (
				00C302DC1ABCB9D200DB3ED1 /* libRCTNetwork.a */,
			);
			name = Products;
			sourceTree = "<group>";
		};
		00C302E01ABCB9EE00DB3ED1 /* Products */ = {
			isa = PBXGroup;
			children = (
				00C302E41ABCB9EE00DB3ED1 /* libRCTVibration.a */,
			);
			name = Products;
			sourceTree = "<group>";
		};
		00E356EF1AD99517003FC87E /* mobileTests */ = {
			isa = PBXGroup;
			children = (
				00E356F21AD99517003FC87E /* mobileTests.m */,
				00E356F01AD99517003FC87E /* Supporting Files */,
			);
			path = mobileTests;
			sourceTree = "<group>";
		};
		00E356F01AD99517003FC87E /* Supporting Files */ = {
			isa = PBXGroup;
			children = (
				00E356F11AD99517003FC87E /* Info.plist */,
			);
			name = "Supporting Files";
			sourceTree = "<group>";
		};
		139105B71AF99BAD00B5F7CC /* Products */ = {
			isa = PBXGroup;
			children = (
				139105C11AF99BAD00B5F7CC /* libRCTSettings.a */,
			);
			name = Products;
			sourceTree = "<group>";
		};
		139FDEE71B06529A00C62182 /* Products */ = {
			isa = PBXGroup;
			children = (
				139FDEF41B06529B00C62182 /* libRCTWebSocket.a */,
			);
			name = Products;
			sourceTree = "<group>";
		};
		13B07FAE1A68108700A75B9A /* mobile */ = {
			isa = PBXGroup;
			children = (
				008F07F21AC5B25A0029DE68 /* main.jsbundle */,
				13B07FAF1A68108700A75B9A /* AppDelegate.h */,
				13B07FB01A68108700A75B9A /* AppDelegate.m */,
				13B07FB51A68108700A75B9A /* Images.xcassets */,
				13B07FB61A68108700A75B9A /* Info.plist */,
				13B07FB11A68108700A75B9A /* LaunchScreen.xib */,
				13B07FB71A68108700A75B9A /* main.m */,
			);
			name = mobile;
			sourceTree = "<group>";
		};
		146834001AC3E56700842450 /* Products */ = {
			isa = PBXGroup;
			children = (
				146834041AC3E56700842450 /* libReact.a */,
			);
			name = Products;
			sourceTree = "<group>";
		};
		74C480371C23841200EFD1BD /* Products */ = {
			isa = PBXGroup;
			children = (
				74C4803C1C23841300EFD1BD /* libRCTCameraRoll.a */,
			);
			name = Products;
			sourceTree = "<group>";
		};
		78C398B11ACF4ADC00677621 /* Products */ = {
			isa = PBXGroup;
			children = (
				78C398B91ACF4ADC00677621 /* libRCTLinking.a */,
			);
			name = Products;
			sourceTree = "<group>";
		};
		832341AE1AAA6A7D00B99B32 /* Libraries */ = {
			isa = PBXGroup;
			children = (
				D08F37031C32317D002D8394 /* UIImagePickerManager.m */,
				9B1093991C261D15009059AC /* ReactNativeIcons.xcodeproj */,
				146833FF1AC3E56700842450 /* React.xcodeproj */,
				00C302A71ABCB8CE00DB3ED1 /* RCTActionSheet.xcodeproj */,
				00C302B51ABCB90400DB3ED1 /* RCTGeolocation.xcodeproj */,
				00C302BB1ABCB91800DB3ED1 /* RCTImage.xcodeproj */,
				78C398B01ACF4ADC00677621 /* RCTLinking.xcodeproj */,
				00C302D31ABCB9D200DB3ED1 /* RCTNetwork.xcodeproj */,
				139105B61AF99BAD00B5F7CC /* RCTSettings.xcodeproj */,
				832341B01AAA6A8300B99B32 /* RCTText.xcodeproj */,
				00C302DF1ABCB9EE00DB3ED1 /* RCTVibration.xcodeproj */,
				139FDEE61B06529A00C62182 /* RCTWebSocket.xcodeproj */,
			);
			name = Libraries;
			sourceTree = "<group>";
		};
		832341B11AAA6A8300B99B32 /* Products */ = {
			isa = PBXGroup;
			children = (
				832341B51AAA6A8300B99B32 /* libRCTText.a */,
			);
			name = Products;
			sourceTree = "<group>";
		};
		83CBB9F61A601CBA00E9B192 = {
			isa = PBXGroup;
			children = (
				97F057571C3203DB00D8B26A /* RNRecordAudio.xcodeproj */,
				97F0574D1C3203AA00D8B26A /* RNPlayAudio.xcodeproj */,
				97F0573A1C32033800D8B26A /* RNFS.xcodeproj */,
				9B1093A01C261DC5009059AC /* FAKOcticons.h */,
				9B1093A11C261DC5009059AC /* FAKOcticons.m */,
				9B1093A21C261DC5009059AC /* FontAwesomeKit.h */,
				9B1093A31C261DC5009059AC /* octicons.ttf */,
				9B1093A41C261DC5009059AC /* FAKFontAwesome.h */,
				9B1093A51C261DC5009059AC /* FAKFontAwesome.m */,
				9B1093A61C261DC5009059AC /* FAKFoundationIcons.h */,
				9B1093A71C261DC5009059AC /* FAKFoundationIcons.m */,
				9B1093A81C261DC5009059AC /* FAKIcon.h */,
				9B1093A91C261DC5009059AC /* FAKIcon.m */,
				9B1093AA1C261DC5009059AC /* FAKIonIcons.h */,
				9B1093AB1C261DC5009059AC /* FAKIonIcons.m */,
				9B1093AC1C261DC5009059AC /* FAKMaterial.h */,
				9B1093AD1C261DC5009059AC /* FAKMaterial.m */,
				9B1093AE1C261DC5009059AC /* FAKZocial.h */,
				9B1093AF1C261DC5009059AC /* FAKZocial.m */,
				D08F36B91C31CBA1002D8394 /* OpenSans-Bold.ttf */,
				D08F36BA1C31CBA1002D8394 /* OpenSans-Regular.ttf */,
				D08F36BB1C31CBA1002D8394 /* OpenSans-Semibold.ttf */,
				D08F36BC1C31CBA1002D8394 /* Raleway-Bold.ttf */,
				D08F36BD1C31CBA1002D8394 /* Raleway-Regular.ttf */,
				D08F36BE1C31CBA1002D8394 /* Roboto-Medium.ttf */,
				D08F36BF1C31CBA1002D8394 /* Roboto-Regular.ttf */,
				9B1093B01C261DC5009059AC /* FontAwesome.otf */,
				9B1093B11C261DC5009059AC /* foundation-icons.ttf */,
				9B1093B21C261DC5009059AC /* ionicons.ttf */,
				9B1093B31C261DC5009059AC /* Material-Design-Iconic-Font.ttf */,
				9B1093B41C261DC5009059AC /* zocial-regular-webfont.ttf */,
				13B07FAE1A68108700A75B9A /* mobile */,
				832341AE1AAA6A7D00B99B32 /* Libraries */,
				00E356EF1AD99517003FC87E /* mobileTests */,
				83CBBA001A601CBA00E9B192 /* Products */,
			);
			indentWidth = 2;
			sourceTree = "<group>";
			tabWidth = 2;
		};
		83CBBA001A601CBA00E9B192 /* Products */ = {
			isa = PBXGroup;
			children = (
				13B07F961A680F5B00A75B9A /* mobile.app */,
				00E356EE1AD99517003FC87E /* mobileTests.xctest */,
			);
			name = Products;
			sourceTree = "<group>";
		};
		97F0573B1C32033800D8B26A /* Products */ = {
			isa = PBXGroup;
			children = (
				97F0574B1C32033900D8B26A /* libRNFS.a */,
			);
			name = Products;
			sourceTree = "<group>";
		};
		97F0574E1C3203AA00D8B26A /* Products */ = {
			isa = PBXGroup;
			children = (
				97F057531C3203AA00D8B26A /* libRNPlayAudio.a */,
				97F057551C3203AA00D8B26A /* RNPlayAudioTests.xctest */,
			);
			name = Products;
			sourceTree = "<group>";
		};
		97F057581C3203DB00D8B26A /* Products */ = {
			isa = PBXGroup;
			children = (
				97F0575D1C3203DC00D8B26A /* libRNRecordAudio.a */,
				97F0575F1C3203DC00D8B26A /* RNRecordAudioTests.xctest */,
			);
			name = Products;
			sourceTree = "<group>";
		};
		9B10939A1C261D15009059AC /* Products */ = {
			isa = PBXGroup;
			children = (
				9B10939E1C261D15009059AC /* libReactNativeIcons.a */,
			);
			name = Products;
			sourceTree = "<group>";
		};
/* End PBXGroup section */

/* Begin PBXNativeTarget section */
		00E356ED1AD99517003FC87E /* mobileTests */ = {
			isa = PBXNativeTarget;
			buildConfigurationList = 00E357021AD99517003FC87E /* Build configuration list for PBXNativeTarget "mobileTests" */;
			buildPhases = (
				00E356EA1AD99517003FC87E /* Sources */,
				00E356EB1AD99517003FC87E /* Frameworks */,
				00E356EC1AD99517003FC87E /* Resources */,
			);
			buildRules = (
			);
			dependencies = (
				00E356F51AD99517003FC87E /* PBXTargetDependency */,
			);
			name = mobileTests;
			productName = mobileTests;
			productReference = 00E356EE1AD99517003FC87E /* mobileTests.xctest */;
			productType = "com.apple.product-type.bundle.unit-test";
		};
		13B07F861A680F5B00A75B9A /* mobile */ = {
			isa = PBXNativeTarget;
			buildConfigurationList = 13B07F931A680F5B00A75B9A /* Build configuration list for PBXNativeTarget "mobile" */;
			buildPhases = (
				13B07F871A680F5B00A75B9A /* Sources */,
				13B07F8C1A680F5B00A75B9A /* Frameworks */,
				13B07F8E1A680F5B00A75B9A /* Resources */,
				00DD1BFF1BD5951E006B06BC /* Bundle React Native code and images */,
			);
			buildRules = (
			);
			dependencies = (
			);
			name = mobile;
			productName = "Hello World";
			productReference = 13B07F961A680F5B00A75B9A /* mobile.app */;
			productType = "com.apple.product-type.application";
		};
/* End PBXNativeTarget section */

/* Begin PBXProject section */
		83CBB9F71A601CBA00E9B192 /* Project object */ = {
			isa = PBXProject;
			attributes = {
				LastUpgradeCheck = 0610;
				ORGANIZATIONNAME = Facebook;
				TargetAttributes = {
					00E356ED1AD99517003FC87E = {
						CreatedOnToolsVersion = 6.2;
						TestTargetID = 13B07F861A680F5B00A75B9A;
					};
					13B07F861A680F5B00A75B9A = {
						DevelopmentTeam = G5695ZF6S7;
					};
				};
			};
			buildConfigurationList = 83CBB9FA1A601CBA00E9B192 /* Build configuration list for PBXProject "mobile" */;
			compatibilityVersion = "Xcode 3.2";
			developmentRegion = English;
			hasScannedForEncodings = 0;
			knownRegions = (
				en,
				Base,
			);
			mainGroup = 83CBB9F61A601CBA00E9B192;
			productRefGroup = 83CBBA001A601CBA00E9B192 /* Products */;
			projectDirPath = "";
			projectReferences = (
				{
					ProductGroup = 00C302A81ABCB8CE00DB3ED1 /* Products */;
					ProjectRef = 00C302A71ABCB8CE00DB3ED1 /* RCTActionSheet.xcodeproj */;
				},
				{
					ProductGroup = 74C480371C23841200EFD1BD /* Products */;
					ProjectRef = 74C480361C23841200EFD1BD /* RCTCameraRoll.xcodeproj */;
				},
				{
					ProductGroup = 00C302B61ABCB90400DB3ED1 /* Products */;
					ProjectRef = 00C302B51ABCB90400DB3ED1 /* RCTGeolocation.xcodeproj */;
				},
				{
					ProductGroup = 00C302BC1ABCB91800DB3ED1 /* Products */;
					ProjectRef = 00C302BB1ABCB91800DB3ED1 /* RCTImage.xcodeproj */;
				},
				{
					ProductGroup = 78C398B11ACF4ADC00677621 /* Products */;
					ProjectRef = 78C398B01ACF4ADC00677621 /* RCTLinking.xcodeproj */;
				},
				{
					ProductGroup = 00C302D41ABCB9D200DB3ED1 /* Products */;
					ProjectRef = 00C302D31ABCB9D200DB3ED1 /* RCTNetwork.xcodeproj */;
				},
				{
					ProductGroup = 139105B71AF99BAD00B5F7CC /* Products */;
					ProjectRef = 139105B61AF99BAD00B5F7CC /* RCTSettings.xcodeproj */;
				},
				{
					ProductGroup = 832341B11AAA6A8300B99B32 /* Products */;
					ProjectRef = 832341B01AAA6A8300B99B32 /* RCTText.xcodeproj */;
				},
				{
					ProductGroup = 00C302E01ABCB9EE00DB3ED1 /* Products */;
					ProjectRef = 00C302DF1ABCB9EE00DB3ED1 /* RCTVibration.xcodeproj */;
				},
				{
					ProductGroup = 139FDEE71B06529A00C62182 /* Products */;
					ProjectRef = 139FDEE61B06529A00C62182 /* RCTWebSocket.xcodeproj */;
				},
				{
					ProductGroup = 146834001AC3E56700842450 /* Products */;
					ProjectRef = 146833FF1AC3E56700842450 /* React.xcodeproj */;
				},
				{
					ProductGroup = 9B10939A1C261D15009059AC /* Products */;
					ProjectRef = 9B1093991C261D15009059AC /* ReactNativeIcons.xcodeproj */;
				},
				{
					ProductGroup = 97F0573B1C32033800D8B26A /* Products */;
					ProjectRef = 97F0573A1C32033800D8B26A /* RNFS.xcodeproj */;
				},
				{
					ProductGroup = 97F0574E1C3203AA00D8B26A /* Products */;
					ProjectRef = 97F0574D1C3203AA00D8B26A /* RNPlayAudio.xcodeproj */;
				},
				{
					ProductGroup = 97F057581C3203DB00D8B26A /* Products */;
					ProjectRef = 97F057571C3203DB00D8B26A /* RNRecordAudio.xcodeproj */;
				},
			);
			projectRoot = "";
			targets = (
				13B07F861A680F5B00A75B9A /* mobile */,
				00E356ED1AD99517003FC87E /* mobileTests */,
			);
		};
/* End PBXProject section */

/* Begin PBXReferenceProxy section */
		00C302AC1ABCB8CE00DB3ED1 /* libRCTActionSheet.a */ = {
			isa = PBXReferenceProxy;
			fileType = archive.ar;
			path = libRCTActionSheet.a;
			remoteRef = 00C302AB1ABCB8CE00DB3ED1 /* PBXContainerItemProxy */;
			sourceTree = BUILT_PRODUCTS_DIR;
		};
		00C302BA1ABCB90400DB3ED1 /* libRCTGeolocation.a */ = {
			isa = PBXReferenceProxy;
			fileType = archive.ar;
			path = libRCTGeolocation.a;
			remoteRef = 00C302B91ABCB90400DB3ED1 /* PBXContainerItemProxy */;
			sourceTree = BUILT_PRODUCTS_DIR;
		};
		00C302C01ABCB91800DB3ED1 /* libRCTImage.a */ = {
			isa = PBXReferenceProxy;
			fileType = archive.ar;
			path = libRCTImage.a;
			remoteRef = 00C302BF1ABCB91800DB3ED1 /* PBXContainerItemProxy */;
			sourceTree = BUILT_PRODUCTS_DIR;
		};
		00C302DC1ABCB9D200DB3ED1 /* libRCTNetwork.a */ = {
			isa = PBXReferenceProxy;
			fileType = archive.ar;
			path = libRCTNetwork.a;
			remoteRef = 00C302DB1ABCB9D200DB3ED1 /* PBXContainerItemProxy */;
			sourceTree = BUILT_PRODUCTS_DIR;
		};
		00C302E41ABCB9EE00DB3ED1 /* libRCTVibration.a */ = {
			isa = PBXReferenceProxy;
			fileType = archive.ar;
			path = libRCTVibration.a;
			remoteRef = 00C302E31ABCB9EE00DB3ED1 /* PBXContainerItemProxy */;
			sourceTree = BUILT_PRODUCTS_DIR;
		};
		139105C11AF99BAD00B5F7CC /* libRCTSettings.a */ = {
			isa = PBXReferenceProxy;
			fileType = archive.ar;
			path = libRCTSettings.a;
			remoteRef = 139105C01AF99BAD00B5F7CC /* PBXContainerItemProxy */;
			sourceTree = BUILT_PRODUCTS_DIR;
		};
		139FDEF41B06529B00C62182 /* libRCTWebSocket.a */ = {
			isa = PBXReferenceProxy;
			fileType = archive.ar;
			path = libRCTWebSocket.a;
			remoteRef = 139FDEF31B06529B00C62182 /* PBXContainerItemProxy */;
			sourceTree = BUILT_PRODUCTS_DIR;
		};
		146834041AC3E56700842450 /* libReact.a */ = {
			isa = PBXReferenceProxy;
			fileType = archive.ar;
			path = libReact.a;
			remoteRef = 146834031AC3E56700842450 /* PBXContainerItemProxy */;
			sourceTree = BUILT_PRODUCTS_DIR;
		};
		74C4803C1C23841300EFD1BD /* libRCTCameraRoll.a */ = {
			isa = PBXReferenceProxy;
			fileType = archive.ar;
			path = libRCTCameraRoll.a;
			remoteRef = 74C4803B1C23841300EFD1BD /* PBXContainerItemProxy */;
			sourceTree = BUILT_PRODUCTS_DIR;
		};
		78C398B91ACF4ADC00677621 /* libRCTLinking.a */ = {
			isa = PBXReferenceProxy;
			fileType = archive.ar;
			path = libRCTLinking.a;
			remoteRef = 78C398B81ACF4ADC00677621 /* PBXContainerItemProxy */;
			sourceTree = BUILT_PRODUCTS_DIR;
		};
		832341B51AAA6A8300B99B32 /* libRCTText.a */ = {
			isa = PBXReferenceProxy;
			fileType = archive.ar;
			path = libRCTText.a;
			remoteRef = 832341B41AAA6A8300B99B32 /* PBXContainerItemProxy */;
			sourceTree = BUILT_PRODUCTS_DIR;
		};
		97F0574B1C32033900D8B26A /* libRNFS.a */ = {
			isa = PBXReferenceProxy;
			fileType = archive.ar;
			path = libRNFS.a;
			remoteRef = 97F0574A1C32033900D8B26A /* PBXContainerItemProxy */;
			sourceTree = BUILT_PRODUCTS_DIR;
		};
		97F057531C3203AA00D8B26A /* libRNPlayAudio.a */ = {
			isa = PBXReferenceProxy;
			fileType = archive.ar;
			path = libRNPlayAudio.a;
			remoteRef = 97F057521C3203AA00D8B26A /* PBXContainerItemProxy */;
			sourceTree = BUILT_PRODUCTS_DIR;
		};
		97F057551C3203AA00D8B26A /* RNPlayAudioTests.xctest */ = {
			isa = PBXReferenceProxy;
			fileType = wrapper.cfbundle;
			path = RNPlayAudioTests.xctest;
			remoteRef = 97F057541C3203AA00D8B26A /* PBXContainerItemProxy */;
			sourceTree = BUILT_PRODUCTS_DIR;
		};
		97F0575D1C3203DC00D8B26A /* libRNRecordAudio.a */ = {
			isa = PBXReferenceProxy;
			fileType = archive.ar;
			path = libRNRecordAudio.a;
			remoteRef = 97F0575C1C3203DC00D8B26A /* PBXContainerItemProxy */;
			sourceTree = BUILT_PRODUCTS_DIR;
		};
		97F0575F1C3203DC00D8B26A /* RNRecordAudioTests.xctest */ = {
			isa = PBXReferenceProxy;
			fileType = wrapper.cfbundle;
			path = RNRecordAudioTests.xctest;
			remoteRef = 97F0575E1C3203DC00D8B26A /* PBXContainerItemProxy */;
			sourceTree = BUILT_PRODUCTS_DIR;
		};
		9B10939E1C261D15009059AC /* libReactNativeIcons.a */ = {
			isa = PBXReferenceProxy;
			fileType = archive.ar;
			path = libReactNativeIcons.a;
			remoteRef = 9B10939D1C261D15009059AC /* PBXContainerItemProxy */;
			sourceTree = BUILT_PRODUCTS_DIR;
		};
/* End PBXReferenceProxy section */

/* Begin PBXResourcesBuildPhase section */
		00E356EC1AD99517003FC87E /* Resources */ = {
			isa = PBXResourcesBuildPhase;
			buildActionMask = 2147483647;
			files = (
			);
			runOnlyForDeploymentPostprocessing = 0;
		};
		13B07F8E1A680F5B00A75B9A /* Resources */ = {
			isa = PBXResourcesBuildPhase;
			buildActionMask = 2147483647;
			files = (
				9B1093B51C261DC5009059AC /* FAKOcticons.h in Resources */,
				9B1093B61C261DC5009059AC /* FAKOcticons.m in Resources */,
				D08F36C01C31CBA1002D8394 /* OpenSans-Bold.ttf in Resources */,
				D08F36C41C31CBA1002D8394 /* Raleway-Regular.ttf in Resources */,
				9B1093B71C261DC5009059AC /* FontAwesomeKit.h in Resources */,
				9B1093B81C261DC5009059AC /* octicons.ttf in Resources */,
				9B1093B91C261DC5009059AC /* FAKFontAwesome.h in Resources */,
				9B1093BA1C261DC5009059AC /* FAKFontAwesome.m in Resources */,
				D08F36C51C31CBA1002D8394 /* Roboto-Medium.ttf in Resources */,
				9B1093BB1C261DC5009059AC /* FAKFoundationIcons.h in Resources */,
				9B1093BC1C261DC5009059AC /* FAKFoundationIcons.m in Resources */,
				9B1093BD1C261DC5009059AC /* FAKIcon.h in Resources */,
				D08F36C61C31CBA1002D8394 /* Roboto-Regular.ttf in Resources */,
				9B1093BE1C261DC5009059AC /* FAKIcon.m in Resources */,
				9B1093BF1C261DC5009059AC /* FAKIonIcons.h in Resources */,
				9B1093C01C261DC5009059AC /* FAKIonIcons.m in Resources */,
				9B1093C11C261DC5009059AC /* FAKMaterial.h in Resources */,
				9B1093C21C261DC5009059AC /* FAKMaterial.m in Resources */,
				9B1093C31C261DC5009059AC /* FAKZocial.h in Resources */,
				D08F36C21C31CBA1002D8394 /* OpenSans-Semibold.ttf in Resources */,
				9B1093C41C261DC5009059AC /* FAKZocial.m in Resources */,
				9B1093C51C261DC5009059AC /* FontAwesome.otf in Resources */,
				D08F36C31C31CBA1002D8394 /* Raleway-Bold.ttf in Resources */,
				9B1093C61C261DC5009059AC /* foundation-icons.ttf in Resources */,
				9B1093C71C261DC5009059AC /* ionicons.ttf in Resources */,
				D08F36C11C31CBA1002D8394 /* OpenSans-Regular.ttf in Resources */,
				9B1093C81C261DC5009059AC /* Material-Design-Iconic-Font.ttf in Resources */,
				9B1093C91C261DC5009059AC /* zocial-regular-webfont.ttf in Resources */,
				13B07FBF1A68108700A75B9A /* Images.xcassets in Resources */,
				13B07FBD1A68108700A75B9A /* LaunchScreen.xib in Resources */,
				743731721C26229D00EB0C55 /* (null) in Resources */,
				7437316F1C26229D00EB0C55 /* (null) in Resources */,
				743731741C26229D00EB0C55 /* (null) in Resources */,
				7437316E1C26229D00EB0C55 /* (null) in Resources */,
				743731701C26229D00EB0C55 /* (null) in Resources */,
			);
			runOnlyForDeploymentPostprocessing = 0;
		};
/* End PBXResourcesBuildPhase section */

/* Begin PBXShellScriptBuildPhase section */
		00DD1BFF1BD5951E006B06BC /* Bundle React Native code and images */ = {
			isa = PBXShellScriptBuildPhase;
			buildActionMask = 8;
			files = (
			);
			inputPaths = (
			);
			name = "Bundle React Native code and images";
			outputPaths = (
			);
			runOnlyForDeploymentPostprocessing = 1;
			shellPath = /bin/sh;
			shellScript = "../node_modules/react-native/packager/react-native-xcode.sh";
		};
/* End PBXShellScriptBuildPhase section */

/* Begin PBXSourcesBuildPhase section */
		00E356EA1AD99517003FC87E /* Sources */ = {
			isa = PBXSourcesBuildPhase;
			buildActionMask = 2147483647;
			files = (
				00E356F31AD99517003FC87E /* mobileTests.m in Sources */,
			);
			runOnlyForDeploymentPostprocessing = 0;
		};
		13B07F871A680F5B00A75B9A /* Sources */ = {
			isa = PBXSourcesBuildPhase;
			buildActionMask = 2147483647;
			files = (
				13B07FBC1A68108700A75B9A /* AppDelegate.m in Sources */,
				13B07FC11A68108700A75B9A /* main.m in Sources */,
				D08F37041C32317D002D8394 /* UIImagePickerManager.m in Sources */,
			);
			runOnlyForDeploymentPostprocessing = 0;
		};
/* End PBXSourcesBuildPhase section */

/* Begin PBXTargetDependency section */
		00E356F51AD99517003FC87E /* PBXTargetDependency */ = {
			isa = PBXTargetDependency;
			target = 13B07F861A680F5B00A75B9A /* mobile */;
			targetProxy = 00E356F41AD99517003FC87E /* PBXContainerItemProxy */;
		};
/* End PBXTargetDependency section */

/* Begin PBXVariantGroup section */
		13B07FB11A68108700A75B9A /* LaunchScreen.xib */ = {
			isa = PBXVariantGroup;
			children = (
				13B07FB21A68108700A75B9A /* Base */,
			);
			name = LaunchScreen.xib;
			path = mobile;
			sourceTree = "<group>";
		};
/* End PBXVariantGroup section */

/* Begin XCBuildConfiguration section */
		00E356F61AD99517003FC87E /* Debug */ = {
			isa = XCBuildConfiguration;
			buildSettings = {
				BUNDLE_LOADER = "$(TEST_HOST)";
				FRAMEWORK_SEARCH_PATHS = (
					"$(SDKROOT)/Developer/Library/Frameworks",
					"$(inherited)",
				);
				GCC_PREPROCESSOR_DEFINITIONS = (
					"DEBUG=1",
					"$(inherited)",
				);
				INFOPLIST_FILE = mobileTests/Info.plist;
				IPHONEOS_DEPLOYMENT_TARGET = 8.2;
				LD_RUNPATH_SEARCH_PATHS = "$(inherited) @executable_path/Frameworks @loader_path/Frameworks";
				PRODUCT_NAME = "$(TARGET_NAME)";
				TEST_HOST = "$(BUILT_PRODUCTS_DIR)/mobile.app/mobile";
			};
			name = Debug;
		};
		00E356F71AD99517003FC87E /* Release */ = {
			isa = XCBuildConfiguration;
			buildSettings = {
				BUNDLE_LOADER = "$(TEST_HOST)";
				COPY_PHASE_STRIP = NO;
				FRAMEWORK_SEARCH_PATHS = (
					"$(SDKROOT)/Developer/Library/Frameworks",
					"$(inherited)",
				);
				INFOPLIST_FILE = mobileTests/Info.plist;
				IPHONEOS_DEPLOYMENT_TARGET = 8.2;
				LD_RUNPATH_SEARCH_PATHS = "$(inherited) @executable_path/Frameworks @loader_path/Frameworks";
				PRODUCT_NAME = "$(TARGET_NAME)";
				TEST_HOST = "$(BUILT_PRODUCTS_DIR)/mobile.app/mobile";
			};
			name = Release;
		};
		13B07F941A680F5B00A75B9A /* Debug */ = {
			isa = XCBuildConfiguration;
			buildSettings = {
				ASSETCATALOG_COMPILER_APPICON_NAME = AppIcon;
				CODE_SIGN_IDENTITY = "iPhone Developer";
				"CODE_SIGN_IDENTITY[sdk=iphoneos*]" = "iPhone Developer";
				DEAD_CODE_STRIPPING = NO;
				HEADER_SEARCH_PATHS = (
					"$(inherited)",
					/Applications/Xcode.app/Contents/Developer/Toolchains/XcodeDefault.xctoolchain/usr/include,
					"$(SRCROOT)/../node_modules/react-native/React/**",
				);
				INFOPLIST_FILE = mobile/Info.plist;
				LD_RUNPATH_SEARCH_PATHS = "$(inherited) @executable_path/Frameworks";
				OTHER_LDFLAGS = "-ObjC";
				PRODUCT_BUNDLE_IDENTIFIER = org.reactjs.native.example.walking;
				PRODUCT_NAME = mobile;
				PROVISIONING_PROFILE = "";
			};
			name = Debug;
		};
		13B07F951A680F5B00A75B9A /* Release */ = {
			isa = XCBuildConfiguration;
			buildSettings = {
				ASSETCATALOG_COMPILER_APPICON_NAME = AppIcon;
				CODE_SIGN_IDENTITY = "iPhone Developer";
				"CODE_SIGN_IDENTITY[sdk=iphoneos*]" = "iPhone Developer";
				HEADER_SEARCH_PATHS = (
					"$(inherited)",
					/Applications/Xcode.app/Contents/Developer/Toolchains/XcodeDefault.xctoolchain/usr/include,
					"$(SRCROOT)/../node_modules/react-native/React/**",
				);
				INFOPLIST_FILE = mobile/Info.plist;
				LD_RUNPATH_SEARCH_PATHS = "$(inherited) @executable_path/Frameworks";
				OTHER_LDFLAGS = "-ObjC";
				PRODUCT_BUNDLE_IDENTIFIER = org.reactjs.native.example.walking;
				PRODUCT_NAME = mobile;
				PROVISIONING_PROFILE = "";
			};
			name = Release;
		};
		83CBBA201A601CBA00E9B192 /* Debug */ = {
			isa = XCBuildConfiguration;
			buildSettings = {
				ALWAYS_SEARCH_USER_PATHS = NO;
				CLANG_CXX_LANGUAGE_STANDARD = "gnu++0x";
				CLANG_CXX_LIBRARY = "libc++";
				CLANG_ENABLE_MODULES = YES;
				CLANG_ENABLE_OBJC_ARC = YES;
				CLANG_WARN_BOOL_CONVERSION = YES;
				CLANG_WARN_CONSTANT_CONVERSION = YES;
				CLANG_WARN_DIRECT_OBJC_ISA_USAGE = YES_ERROR;
				CLANG_WARN_EMPTY_BODY = YES;
				CLANG_WARN_ENUM_CONVERSION = YES;
				CLANG_WARN_INT_CONVERSION = YES;
				CLANG_WARN_OBJC_ROOT_CLASS = YES_ERROR;
				CLANG_WARN_UNREACHABLE_CODE = YES;
				CLANG_WARN__DUPLICATE_METHOD_MATCH = YES;
				"CODE_SIGN_IDENTITY[sdk=iphoneos*]" = "iPhone Developer";
				COPY_PHASE_STRIP = NO;
				ENABLE_STRICT_OBJC_MSGSEND = YES;
				GCC_C_LANGUAGE_STANDARD = gnu99;
				GCC_DYNAMIC_NO_PIC = NO;
				GCC_OPTIMIZATION_LEVEL = 0;
				GCC_PREPROCESSOR_DEFINITIONS = (
					"DEBUG=1",
					"$(inherited)",
				);
				GCC_SYMBOLS_PRIVATE_EXTERN = NO;
				GCC_WARN_64_TO_32_BIT_CONVERSION = YES;
				GCC_WARN_ABOUT_RETURN_TYPE = YES_ERROR;
				GCC_WARN_UNDECLARED_SELECTOR = YES;
				GCC_WARN_UNINITIALIZED_AUTOS = YES_AGGRESSIVE;
				GCC_WARN_UNUSED_FUNCTION = YES;
				GCC_WARN_UNUSED_VARIABLE = YES;
				HEADER_SEARCH_PATHS = (
					"$(inherited)",
					/Applications/Xcode.app/Contents/Developer/Toolchains/XcodeDefault.xctoolchain/usr/include,
					"$(SRCROOT)/../node_modules/react-native/React/**",
				);
				IPHONEOS_DEPLOYMENT_TARGET = 7.0;
				MTL_ENABLE_DEBUG_INFO = YES;
				ONLY_ACTIVE_ARCH = YES;
				SDKROOT = iphoneos;
			};
			name = Debug;
		};
		83CBBA211A601CBA00E9B192 /* Release */ = {
			isa = XCBuildConfiguration;
			buildSettings = {
				ALWAYS_SEARCH_USER_PATHS = NO;
				CLANG_CXX_LANGUAGE_STANDARD = "gnu++0x";
				CLANG_CXX_LIBRARY = "libc++";
				CLANG_ENABLE_MODULES = YES;
				CLANG_ENABLE_OBJC_ARC = YES;
				CLANG_WARN_BOOL_CONVERSION = YES;
				CLANG_WARN_CONSTANT_CONVERSION = YES;
				CLANG_WARN_DIRECT_OBJC_ISA_USAGE = YES_ERROR;
				CLANG_WARN_EMPTY_BODY = YES;
				CLANG_WARN_ENUM_CONVERSION = YES;
				CLANG_WARN_INT_CONVERSION = YES;
				CLANG_WARN_OBJC_ROOT_CLASS = YES_ERROR;
				CLANG_WARN_UNREACHABLE_CODE = YES;
				CLANG_WARN__DUPLICATE_METHOD_MATCH = YES;
				"CODE_SIGN_IDENTITY[sdk=iphoneos*]" = "iPhone Developer";
				COPY_PHASE_STRIP = YES;
				ENABLE_NS_ASSERTIONS = NO;
				ENABLE_STRICT_OBJC_MSGSEND = YES;
				GCC_C_LANGUAGE_STANDARD = gnu99;
				GCC_WARN_64_TO_32_BIT_CONVERSION = YES;
				GCC_WARN_ABOUT_RETURN_TYPE = YES_ERROR;
				GCC_WARN_UNDECLARED_SELECTOR = YES;
				GCC_WARN_UNINITIALIZED_AUTOS = YES_AGGRESSIVE;
				GCC_WARN_UNUSED_FUNCTION = YES;
				GCC_WARN_UNUSED_VARIABLE = YES;
				HEADER_SEARCH_PATHS = (
					"$(inherited)",
					/Applications/Xcode.app/Contents/Developer/Toolchains/XcodeDefault.xctoolchain/usr/include,
					"$(SRCROOT)/../node_modules/react-native/React/**",
				);
				IPHONEOS_DEPLOYMENT_TARGET = 7.0;
				MTL_ENABLE_DEBUG_INFO = NO;
				SDKROOT = iphoneos;
				VALIDATE_PRODUCT = YES;
			};
			name = Release;
		};
/* End XCBuildConfiguration section */

/* Begin XCConfigurationList section */
		00E357021AD99517003FC87E /* Build configuration list for PBXNativeTarget "mobileTests" */ = {
			isa = XCConfigurationList;
			buildConfigurations = (
				00E356F61AD99517003FC87E /* Debug */,
				00E356F71AD99517003FC87E /* Release */,
			);
			defaultConfigurationIsVisible = 0;
			defaultConfigurationName = Release;
		};
		13B07F931A680F5B00A75B9A /* Build configuration list for PBXNativeTarget "mobile" */ = {
			isa = XCConfigurationList;
			buildConfigurations = (
				13B07F941A680F5B00A75B9A /* Debug */,
				13B07F951A680F5B00A75B9A /* Release */,
			);
			defaultConfigurationIsVisible = 0;
			defaultConfigurationName = Release;
		};
		83CBB9FA1A601CBA00E9B192 /* Build configuration list for PBXProject "mobile" */ = {
			isa = XCConfigurationList;
			buildConfigurations = (
				83CBBA201A601CBA00E9B192 /* Debug */,
				83CBBA211A601CBA00E9B192 /* Release */,
			);
			defaultConfigurationIsVisible = 0;
			defaultConfigurationName = Release;
		};
/* End XCConfigurationList section */
	};
	rootObject = 83CBB9F71A601CBA00E9B192 /* Project object */;
}
